
Microsoft Visual Studio Solution File, Format Version 12.00
# Visual Studio Version 16
VisualStudioVersion = 16.0.32602.291
MinimumVisualStudioVersion = 10.0.40219.1
Project("{FAE04EC0-301F-11D3-BF4B-00C04F79EFBC}") = "CrupApi", "CrupApi\CrupApi.csproj", "{2ADE698F-4623-4C7C-B10C-00D78B9B1EC6}"
EndProject
Project("{FAE04EC0-301F-11D3-BF4B-00C04F79EFBC}") = "Datos", "Datos\Datos.csproj", "{871D503C-44CB-46A2-8ACC-96724CAA3FE5}"
EndProject
Global
	GlobalSection(SolutionConfigurationPlatforms) = preSolution
		Debug|Any CPU = Debug|Any CPU
		Release|Any CPU = Release|Any CPU
	EndGlobalSection
	GlobalSection(ProjectConfigurationPlatforms) = postSolution
		{2ADE698F-4623-4C7C-B10C-00D78B9B1EC6}.Debug|Any CPU.ActiveCfg = Debug|Any CPU
		{2ADE698F-4623-4C7C-B10C-00D78B9B1EC6}.Debug|Any CPU.Build.0 = Debug|Any CPU
		{2ADE698F-4623-4C7C-B10C-00D78B9B1EC6}.Release|Any CPU.ActiveCfg = Release|Any CPU
		{2ADE698F-4623-4C7C-B10C-00D78B9B1EC6}.Release|Any CPU.Build.0 = Release|Any CPU
		{871D503C-44CB-46A2-8ACC-96724CAA3FE5}.Debug|Any CPU.ActiveCfg = Debug|Any CPU
		{871D503C-44CB-46A2-8ACC-96724CAA3FE5}.Debug|Any CPU.Build.0 = Debug|Any CPU
		{871D503C-44CB-46A2-8ACC-96724CAA3FE5}.Release|Any CPU.ActiveCfg = Release|Any CPU
		{871D503C-44CB-46A2-8ACC-96724CAA3FE5}.Release|Any CPU.Build.0 = Release|Any CPU
	EndGlobalSection
	GlobalSection(SolutionProperties) = preSolution
		HideSolutionNode = FALSE
	EndGlobalSection
	GlobalSection(ExtensibilityGlobals) = postSolution
		SolutionGuid = {3743CBCD-59D3-48DD-B6EA-C14AF0FFD029}
	EndGlobalSection
EndGlobal
